
Microsoft Visual Studio Solution File, Format Version 12.00
# Visual Studio Version 16
VisualStudioVersion = 16.0.33214.272
MinimumVisualStudioVersion = 10.0.40219.1
Project("{FAE04EC0-301F-11D3-BF4B-00C04F79EFBC}") = "TrabalhoProgramacao", "TrabalhoProgramacao.csproj", "{EAC66D95-0532-44C8-939B-0B7CBD5312D5}"
EndProject
Global
	GlobalSection(SolutionConfigurationPlatforms) = preSolution
		Debug|Any CPU = Debug|Any CPU
		Release|Any CPU = Release|Any CPU
	EndGlobalSection
	GlobalSection(ProjectConfigurationPlatforms) = postSolution
		{EAC66D95-0532-44C8-939B-0B7CBD5312D5}.Debug|Any CPU.ActiveCfg = Debug|Any CPU
		{EAC66D95-0532-44C8-939B-0B7CBD5312D5}.Debug|Any CPU.Build.0 = Debug|Any CPU
		{EAC66D95-0532-44C8-939B-0B7CBD5312D5}.Release|Any CPU.ActiveCfg = Release|Any CPU
		{EAC66D95-0532-44C8-939B-0B7CBD5312D5}.Release|Any CPU.Build.0 = Release|Any CPU
	EndGlobalSection
	GlobalSection(SolutionProperties) = preSolution
		HideSolutionNode = FALSE
	EndGlobalSection
	GlobalSection(ExtensibilityGlobals) = postSolution
		SolutionGuid = {C4B13517-EEAC-47B2-892F-D3CB3F9F1B51}
	EndGlobalSection
EndGlobal
